{
  "nodes": {
    "nixpkgs": {
      "locked": {
        "lastModified": 1631576274,
        "narHash": "sha256-cTxdIWg17NyN8s74UpnHVQT5K8smTM7Vvqg0DBzTLWE=",
        "owner": "NixOS",
        "repo": "nixpkgs",
        "rev": "3d1fe451d422aaa9d8b2234bb19776b771a25b06",
        "type": "github"
      },
      "original": {
        "owner": "NixOS",
        "ref": "master",
        "repo": "nixpkgs",
        "type": "github"
      }
    },
    "root": {
      "inputs": {
        "nixpkgs": "nixpkgs",
        "utils": "utils"
      }
    },
    "utils": {
      "locked": {
        "lastModified": 1631561581,
        "narHash": "sha256-3VQMV5zvxaVLvqqUrNz3iJelLw30mIVSfZmAaauM3dA=",
        "owner": "numtide",
        "repo": "flake-utils",
        "rev": "7e5bf3925f6fbdfaf50a2a7ca0be2879c4261d19",
        "type": "github"
      },
      "original": {
        "owner": "numtide",
        "repo": "flake-utils",
        "type": "github"
      }
    }
  },
  "root": "root",
  "version": 7
}
